
Microsoft Visual Studio Solution File, Format Version 12.00
# Visual Studio Version 16
VisualStudioVersion = 16.0.33927.289
MinimumVisualStudioVersion = 10.0.40219.1
Project("{2150E333-8FDC-42A3-9474-1A3956D46DE8}") = "Task0", "Task0", "{911E9859-BB93-4E1A-B6CE-6BE910525188}"
EndProject
Project("{FAE04EC0-301F-11D3-BF4B-00C04F79EFBC}") = "Tyuiu.KosishnevaAN.Sprint1.Task0.V26", "Tyuiu.KosishnevaAN.Sprint1.Task0.V26\Tyuiu.KosishnevaAN.Sprint1.Task0.V26.csproj", "{CDE96B68-6C8B-4B43-8DC8-B401E48AF2C0}"
EndProject
Project("{FAE04EC0-301F-11D3-BF4B-00C04F79EFBC}") = "Tyuiu.KosishnevaAN.Sprint1.Task0.V26.Lib", "Tyuiu.KosishnevaAN.Sprint1.Task0.V26.Lib\Tyuiu.KosishnevaAN.Sprint1.Task0.V26.Lib.csproj", "{90321CCE-015F-48B7-8796-82D03F949B39}"
EndProject
Project("{FAE04EC0-301F-11D3-BF4B-00C04F79EFBC}") = "Tyuiu.KosishnevaAN.Sprint1.Task0.V26.Test", "Tyuiu.KosishnevaAN.Sprint1.Task0.V26.Test\Tyuiu.KosishnevaAN.Sprint1.Task0.V26.Test.csproj", "{C06337E5-D4B3-4F8B-BF15-FABF3B2289DD}"
EndProject
Project("{2150E333-8FDC-42A3-9474-1A3956D46DE8}") = "Task1", "Task1", "{F2A3CE5C-51A9-48A9-9A53-06E7ED39F60B}"
EndProject
Project("{FAE04EC0-301F-11D3-BF4B-00C04F79EFBC}") = "Tyuiu.KosishnevaAN.Sprint1.Task1.V3", "Tyuiu.KosishnevaAN.Sprint1.Task1.V3\Tyuiu.KosishnevaAN.Sprint1.Task1.V3.csproj", "{B4ABD6E6-A4F6-4F78-86E0-795276B132A3}"
EndProject
Project("{FAE04EC0-301F-11D3-BF4B-00C04F79EFBC}") = "Tyuiu.KosishnevaAN.Sprint1.Task1.V3.Lib", "Tyuiu.KosishnevaAN.Sprint1.Task1.V3.Lib\Tyuiu.KosishnevaAN.Sprint1.Task1.V3.Lib.csproj", "{33FC2ABA-A229-4337-AC00-A68CA7A21268}"
EndProject
Project("{FAE04EC0-301F-11D3-BF4B-00C04F79EFBC}") = "Tyuiu.KosishnevaAN.Sprint1.Task1.V3.Test", "Tyuiu.KosishnevaAN.Sprint1.Task1.V3.Test\Tyuiu.KosishnevaAN.Sprint1.Task1.V3.Test.csproj", "{9F9DB190-4BCB-4B49-A585-73A1E92E8E79}"
EndProject
Project("{2150E333-8FDC-42A3-9474-1A3956D46DE8}") = "Task2", "Task2", "{5630FB91-6B2B-4A56-81EB-BBB64F068740}"
EndProject
Project("{FAE04EC0-301F-11D3-BF4B-00C04F79EFBC}") = "Tyuiu.kosishnevaAN.Sprint1.Task2.V5", "Tyuiu.kosishnevaAN.Sprint1.Task2.V5\Tyuiu.kosishnevaAN.Sprint1.Task2.V5.csproj", "{52CAC26E-5964-4EF2-85A3-80CE079E854F}"
EndProject
Project("{FAE04EC0-301F-11D3-BF4B-00C04F79EFBC}") = "Tyuiu.KosishnevaAN.Sprint1.Task2.V5.Lib", "Tyuiu.KosishnevaAN.Sprint1.Task2.V5.Lib\Tyuiu.KosishnevaAN.Sprint1.Task2.V5.Lib.csproj", "{49989CE5-0C0F-4719-B6BA-8C3860C92890}"
EndProject
Project("{FAE04EC0-301F-11D3-BF4B-00C04F79EFBC}") = "Tyuiu.KosishnevaAN.Sprint1.Task2.V5.Test", "Tyuiu.KosishnevaAN.Sprint1.Task2.V5.Test\Tyuiu.KosishnevaAN.Sprint1.Task2.V5.Test.csproj", "{5D956ABA-9294-48A9-ADC6-DF30CB41CF61}"
EndProject
Project("{2150E333-8FDC-42A3-9474-1A3956D46DE8}") = "Task3", "Task3", "{643ACAEF-C230-4152-9498-6DA2E98665F5}"
EndProject
Project("{FAE04EC0-301F-11D3-BF4B-00C04F79EFBC}") = "Tyuiu.KosishnevaAN.Sprint1.Task3.V14", "Tyuiu.KosishnevaAN.Sprint1.Task3.V14\Tyuiu.KosishnevaAN.Sprint1.Task3.V14.csproj", "{495AF654-A6CA-49E1-8878-A2EA9B77CDBC}"
EndProject
Project("{FAE04EC0-301F-11D3-BF4B-00C04F79EFBC}") = "Tyuiu.KosishnevaAN.Sprint1.Task3.V14.Lib", "Tyuiu.KosishnevaAN.Sprint1.Task3.V14.Lib\Tyuiu.KosishnevaAN.Sprint1.Task3.V14.Lib.csproj", "{33073C2A-FEC9-41C7-AC31-D83B2F4739A7}"
EndProject
Project("{FAE04EC0-301F-11D3-BF4B-00C04F79EFBC}") = "Tyuiu.KosishnevaAN.Sprint1.Task3.V14.Test", "Tyuiu.KosishnevaAN.Sprint1.Task3.V14.Test\Tyuiu.KosishnevaAN.Sprint1.Task3.V14.Test.csproj", "{F6ABF9B1-09A6-4756-B852-A7C6D8DFE471}"
EndProject
Project("{2150E333-8FDC-42A3-9474-1A3956D46DE8}") = "Task4", "Task4", "{76CAD63F-5667-4BC9-B658-854503C6B912}"
EndProject
Project("{FAE04EC0-301F-11D3-BF4B-00C04F79EFBC}") = "Tyuiu.KosishnevaAN.Sprint1.Task4.V6", "Tyuiu.KosishnevaAN.Sprint1.Task4.V6\Tyuiu.KosishnevaAN.Sprint1.Task4.V6.csproj", "{0D3D9E0D-C443-4DF6-9945-4D545CF55D30}"
EndProject
Project("{FAE04EC0-301F-11D3-BF4B-00C04F79EFBC}") = "Tyuiu.KosishnevaAN.Sprint1.Task4.V6.Lib", "Tyuiu.KosishnevaAN.Sprint1.Task4.V6.Lib\Tyuiu.KosishnevaAN.Sprint1.Task4.V6.Lib.csproj", "{3A88C57B-453D-445D-A5CA-20CD711BFD5A}"
EndProject
Project("{FAE04EC0-301F-11D3-BF4B-00C04F79EFBC}") = "Tyuiu.KosishnevaAN.Sprint1.Task4.V6.Test", "Tyuiu.KosishnevaAN.Sprint1.Task4.V6.Test\Tyuiu.KosishnevaAN.Sprint1.Task4.V6.Test.csproj", "{E7A7C682-9852-4AF9-8125-AC1F76B22AB5}"
EndProject
Project("{2150E333-8FDC-42A3-9474-1A3956D46DE8}") = "Task5", "Task5", "{F84F09D0-6119-4217-9000-A3B778E4BC42}"
EndProject
Project("{FAE04EC0-301F-11D3-BF4B-00C04F79EFBC}") = "Tyuiu.KosishnevaAN.Sprint1.Task5.V5", "Tyuiu.KosishnevaAN.Sprint1.Task5.V5\Tyuiu.KosishnevaAN.Sprint1.Task5.V5.csproj", "{859CE1A7-1A36-404D-BD19-FDDACE4467EA}"
EndProject
Project("{FAE04EC0-301F-11D3-BF4B-00C04F79EFBC}") = "Tyuiu.KosishnevaAN.Sprint1.Task5.V5.Lib", "Tyuiu.KosishnevaAN.Sprint1.Task5.V5.Lib\Tyuiu.KosishnevaAN.Sprint1.Task5.V5.Lib.csproj", "{30B2C1F1-6914-42C3-8585-CA1DC2CF557F}"
EndProject
Project("{FAE04EC0-301F-11D3-BF4B-00C04F79EFBC}") = "Tyuiu.KosishnevaAN.Sprint1.Task5.V5.Test", "Tyuiu.KosishnevaAN.Sprint1.Task5.V5.Test\Tyuiu.KosishnevaAN.Sprint1.Task5.V5.Test.csproj", "{5DC06C7D-CAEB-42B6-B750-0E1CE05BB87A}"
EndProject
Project("{2150E333-8FDC-42A3-9474-1A3956D46DE8}") = "Task6", "Task6", "{DAA6ED12-C4A7-4541-A0CE-2724219839BE}"
EndProject
Project("{FAE04EC0-301F-11D3-BF4B-00C04F79EFBC}") = "Tyuiu.KosishnevaAN.Sprint1.Task6.V18", "Tyuiu.KosishnevaAN.Sprint1.Task6.V18\Tyuiu.KosishnevaAN.Sprint1.Task6.V18.csproj", "{F9A0DE2C-C407-44C1-B0FF-16DD4EDC2466}"
EndProject
Project("{FAE04EC0-301F-11D3-BF4B-00C04F79EFBC}") = "Tyuiu.KosishnevaAN.Sprint1.Task6.V18.Lib", "Tyuiu.KosishnevaAN.Sprint1.Task6.V18.Lib\Tyuiu.KosishnevaAN.Sprint1.Task6.V18.Lib.csproj", "{2AD394BC-E832-4196-B98F-6A81FE034BDF}"
EndProject
Project("{FAE04EC0-301F-11D3-BF4B-00C04F79EFBC}") = "Tyuiu.KosishnevaAN.Sprint1.Task6.V18.Test", "Tyuiu.KosishnevaAN.Sprint1.Task6.V18.Test\Tyuiu.KosishnevaAN.Sprint1.Task6.V18.Test.csproj", "{EB7624A9-85B6-4040-8318-678926758987}"
EndProject
Global
	GlobalSection(SolutionConfigurationPlatforms) = preSolution
		Debug|Any CPU = Debug|Any CPU
		Release|Any CPU = Release|Any CPU
	EndGlobalSection
	GlobalSection(ProjectConfigurationPlatforms) = postSolution
		{CDE96B68-6C8B-4B43-8DC8-B401E48AF2C0}.Debug|Any CPU.ActiveCfg = Debug|Any CPU
		{CDE96B68-6C8B-4B43-8DC8-B401E48AF2C0}.Debug|Any CPU.Build.0 = Debug|Any CPU
		{CDE96B68-6C8B-4B43-8DC8-B401E48AF2C0}.Release|Any CPU.ActiveCfg = Release|Any CPU
		{CDE96B68-6C8B-4B43-8DC8-B401E48AF2C0}.Release|Any CPU.Build.0 = Release|Any CPU
		{90321CCE-015F-48B7-8796-82D03F949B39}.Debug|Any CPU.ActiveCfg = Debug|Any CPU
		{90321CCE-015F-48B7-8796-82D03F949B39}.Debug|Any CPU.Build.0 = Debug|Any CPU
		{90321CCE-015F-48B7-8796-82D03F949B39}.Release|Any CPU.ActiveCfg = Release|Any CPU
		{90321CCE-015F-48B7-8796-82D03F949B39}.Release|Any CPU.Build.0 = Release|Any CPU
		{C06337E5-D4B3-4F8B-BF15-FABF3B2289DD}.Debug|Any CPU.ActiveCfg = Debug|Any CPU
		{C06337E5-D4B3-4F8B-BF15-FABF3B2289DD}.Debug|Any CPU.Build.0 = Debug|Any CPU
		{C06337E5-D4B3-4F8B-BF15-FABF3B2289DD}.Release|Any CPU.ActiveCfg = Release|Any CPU
		{C06337E5-D4B3-4F8B-BF15-FABF3B2289DD}.Release|Any CPU.Build.0 = Release|Any CPU
		{B4ABD6E6-A4F6-4F78-86E0-795276B132A3}.Debug|Any CPU.ActiveCfg = Debug|Any CPU
		{B4ABD6E6-A4F6-4F78-86E0-795276B132A3}.Debug|Any CPU.Build.0 = Debug|Any CPU
		{B4ABD6E6-A4F6-4F78-86E0-795276B132A3}.Release|Any CPU.ActiveCfg = Release|Any CPU
		{B4ABD6E6-A4F6-4F78-86E0-795276B132A3}.Release|Any CPU.Build.0 = Release|Any CPU
		{33FC2ABA-A229-4337-AC00-A68CA7A21268}.Debug|Any CPU.ActiveCfg = Debug|Any CPU
		{33FC2ABA-A229-4337-AC00-A68CA7A21268}.Debug|Any CPU.Build.0 = Debug|Any CPU
		{33FC2ABA-A229-4337-AC00-A68CA7A21268}.Release|Any CPU.ActiveCfg = Release|Any CPU
		{33FC2ABA-A229-4337-AC00-A68CA7A21268}.Release|Any CPU.Build.0 = Release|Any CPU
		{9F9DB190-4BCB-4B49-A585-73A1E92E8E79}.Debug|Any CPU.ActiveCfg = Debug|Any CPU
		{9F9DB190-4BCB-4B49-A585-73A1E92E8E79}.Debug|Any CPU.Build.0 = Debug|Any CPU
		{9F9DB190-4BCB-4B49-A585-73A1E92E8E79}.Release|Any CPU.ActiveCfg = Release|Any CPU
		{9F9DB190-4BCB-4B49-A585-73A1E92E8E79}.Release|Any CPU.Build.0 = Release|Any CPU
		{52CAC26E-5964-4EF2-85A3-80CE079E854F}.Debug|Any CPU.ActiveCfg = Debug|Any CPU
		{52CAC26E-5964-4EF2-85A3-80CE079E854F}.Debug|Any CPU.Build.0 = Debug|Any CPU
		{52CAC26E-5964-4EF2-85A3-80CE079E854F}.Release|Any CPU.ActiveCfg = Release|Any CPU
		{52CAC26E-5964-4EF2-85A3-80CE079E854F}.Release|Any CPU.Build.0 = Release|Any CPU
		{49989CE5-0C0F-4719-B6BA-8C3860C92890}.Debug|Any CPU.ActiveCfg = Debug|Any CPU
		{49989CE5-0C0F-4719-B6BA-8C3860C92890}.Debug|Any CPU.Build.0 = Debug|Any CPU
		{49989CE5-0C0F-4719-B6BA-8C3860C92890}.Release|Any CPU.ActiveCfg = Release|Any CPU
		{49989CE5-0C0F-4719-B6BA-8C3860C92890}.Release|Any CPU.Build.0 = Release|Any CPU
		{5D956ABA-9294-48A9-ADC6-DF30CB41CF61}.Debug|Any CPU.ActiveCfg = Debug|Any CPU
		{5D956ABA-9294-48A9-ADC6-DF30CB41CF61}.Debug|Any CPU.Build.0 = Debug|Any CPU
		{5D956ABA-9294-48A9-ADC6-DF30CB41CF61}.Release|Any CPU.ActiveCfg = Release|Any CPU
		{5D956ABA-9294-48A9-ADC6-DF30CB41CF61}.Release|Any CPU.Build.0 = Release|Any CPU
		{495AF654-A6CA-49E1-8878-A2EA9B77CDBC}.Debug|Any CPU.ActiveCfg = Debug|Any CPU
		{495AF654-A6CA-49E1-8878-A2EA9B77CDBC}.Debug|Any CPU.Build.0 = Debug|Any CPU
		{495AF654-A6CA-49E1-8878-A2EA9B77CDBC}.Release|Any CPU.ActiveCfg = Release|Any CPU
		{495AF654-A6CA-49E1-8878-A2EA9B77CDBC}.Release|Any CPU.Build.0 = Release|Any CPU
		{33073C2A-FEC9-41C7-AC31-D83B2F4739A7}.Debug|Any CPU.ActiveCfg = Debug|Any CPU
		{33073C2A-FEC9-41C7-AC31-D83B2F4739A7}.Debug|Any CPU.Build.0 = Debug|Any CPU
		{33073C2A-FEC9-41C7-AC31-D83B2F4739A7}.Release|Any CPU.ActiveCfg = Release|Any CPU
		{33073C2A-FEC9-41C7-AC31-D83B2F4739A7}.Release|Any CPU.Build.0 = Release|Any CPU
		{F6ABF9B1-09A6-4756-B852-A7C6D8DFE471}.Debug|Any CPU.ActiveCfg = Debug|Any CPU
		{F6ABF9B1-09A6-4756-B852-A7C6D8DFE471}.Debug|Any CPU.Build.0 = Debug|Any CPU
		{F6ABF9B1-09A6-4756-B852-A7C6D8DFE471}.Release|Any CPU.ActiveCfg = Release|Any CPU
		{F6ABF9B1-09A6-4756-B852-A7C6D8DFE471}.Release|Any CPU.Build.0 = Release|Any CPU
		{0D3D9E0D-C443-4DF6-9945-4D545CF55D30}.Debug|Any CPU.ActiveCfg = Debug|Any CPU
		{0D3D9E0D-C443-4DF6-9945-4D545CF55D30}.Debug|Any CPU.Build.0 = Debug|Any CPU
		{0D3D9E0D-C443-4DF6-9945-4D545CF55D30}.Release|Any CPU.ActiveCfg = Release|Any CPU
		{0D3D9E0D-C443-4DF6-9945-4D545CF55D30}.Release|Any CPU.Build.0 = Release|Any CPU
		{3A88C57B-453D-445D-A5CA-20CD711BFD5A}.Debug|Any CPU.ActiveCfg = Debug|Any CPU
		{3A88C57B-453D-445D-A5CA-20CD711BFD5A}.Debug|Any CPU.Build.0 = Debug|Any CPU
		{3A88C57B-453D-445D-A5CA-20CD711BFD5A}.Release|Any CPU.ActiveCfg = Release|Any CPU
		{3A88C57B-453D-445D-A5CA-20CD711BFD5A}.Release|Any CPU.Build.0 = Release|Any CPU
		{E7A7C682-9852-4AF9-8125-AC1F76B22AB5}.Debug|Any CPU.ActiveCfg = Debug|Any CPU
		{E7A7C682-9852-4AF9-8125-AC1F76B22AB5}.Debug|Any CPU.Build.0 = Debug|Any CPU
		{E7A7C682-9852-4AF9-8125-AC1F76B22AB5}.Release|Any CPU.ActiveCfg = Release|Any CPU
		{E7A7C682-9852-4AF9-8125-AC1F76B22AB5}.Release|Any CPU.Build.0 = Release|Any CPU
		{859CE1A7-1A36-404D-BD19-FDDACE4467EA}.Debug|Any CPU.ActiveCfg = Debug|Any CPU
		{859CE1A7-1A36-404D-BD19-FDDACE4467EA}.Debug|Any CPU.Build.0 = Debug|Any CPU
		{859CE1A7-1A36-404D-BD19-FDDACE4467EA}.Release|Any CPU.ActiveCfg = Release|Any CPU
		{859CE1A7-1A36-404D-BD19-FDDACE4467EA}.Release|Any CPU.Build.0 = Release|Any CPU
		{30B2C1F1-6914-42C3-8585-CA1DC2CF557F}.Debug|Any CPU.ActiveCfg = Debug|Any CPU
		{30B2C1F1-6914-42C3-8585-CA1DC2CF557F}.Debug|Any CPU.Build.0 = Debug|Any CPU
		{30B2C1F1-6914-42C3-8585-CA1DC2CF557F}.Release|Any CPU.ActiveCfg = Release|Any CPU
		{30B2C1F1-6914-42C3-8585-CA1DC2CF557F}.Release|Any CPU.Build.0 = Release|Any CPU
		{5DC06C7D-CAEB-42B6-B750-0E1CE05BB87A}.Debug|Any CPU.ActiveCfg = Debug|Any CPU
		{5DC06C7D-CAEB-42B6-B750-0E1CE05BB87A}.Debug|Any CPU.Build.0 = Debug|Any CPU
		{5DC06C7D-CAEB-42B6-B750-0E1CE05BB87A}.Release|Any CPU.ActiveCfg = Release|Any CPU
		{5DC06C7D-CAEB-42B6-B750-0E1CE05BB87A}.Release|Any CPU.Build.0 = Release|Any CPU
		{F9A0DE2C-C407-44C1-B0FF-16DD4EDC2466}.Debug|Any CPU.ActiveCfg = Debug|Any CPU
		{F9A0DE2C-C407-44C1-B0FF-16DD4EDC2466}.Debug|Any CPU.Build.0 = Debug|Any CPU
		{F9A0DE2C-C407-44C1-B0FF-16DD4EDC2466}.Release|Any CPU.ActiveCfg = Release|Any CPU
		{F9A0DE2C-C407-44C1-B0FF-16DD4EDC2466}.Release|Any CPU.Build.0 = Release|Any CPU
		{2AD394BC-E832-4196-B98F-6A81FE034BDF}.Debug|Any CPU.ActiveCfg = Debug|Any CPU
		{2AD394BC-E832-4196-B98F-6A81FE034BDF}.Debug|Any CPU.Build.0 = Debug|Any CPU
		{2AD394BC-E832-4196-B98F-6A81FE034BDF}.Release|Any CPU.ActiveCfg = Release|Any CPU
		{2AD394BC-E832-4196-B98F-6A81FE034BDF}.Release|Any CPU.Build.0 = Release|Any CPU
		{EB7624A9-85B6-4040-8318-678926758987}.Debug|Any CPU.ActiveCfg = Debug|Any CPU
		{EB7624A9-85B6-4040-8318-678926758987}.Debug|Any CPU.Build.0 = Debug|Any CPU
		{EB7624A9-85B6-4040-8318-678926758987}.Release|Any CPU.ActiveCfg = Release|Any CPU
		{EB7624A9-85B6-4040-8318-678926758987}.Release|Any CPU.Build.0 = Release|Any CPU
	EndGlobalSection
	GlobalSection(SolutionProperties) = preSolution
		HideSolutionNode = FALSE
	EndGlobalSection
	GlobalSection(NestedProjects) = preSolution
		{CDE96B68-6C8B-4B43-8DC8-B401E48AF2C0} = {911E9859-BB93-4E1A-B6CE-6BE910525188}
		{90321CCE-015F-48B7-8796-82D03F949B39} = {911E9859-BB93-4E1A-B6CE-6BE910525188}
		{C06337E5-D4B3-4F8B-BF15-FABF3B2289DD} = {911E9859-BB93-4E1A-B6CE-6BE910525188}
		{B4ABD6E6-A4F6-4F78-86E0-795276B132A3} = {F2A3CE5C-51A9-48A9-9A53-06E7ED39F60B}
		{33FC2ABA-A229-4337-AC00-A68CA7A21268} = {F2A3CE5C-51A9-48A9-9A53-06E7ED39F60B}
		{9F9DB190-4BCB-4B49-A585-73A1E92E8E79} = {F2A3CE5C-51A9-48A9-9A53-06E7ED39F60B}
		{52CAC26E-5964-4EF2-85A3-80CE079E854F} = {5630FB91-6B2B-4A56-81EB-BBB64F068740}
		{49989CE5-0C0F-4719-B6BA-8C3860C92890} = {5630FB91-6B2B-4A56-81EB-BBB64F068740}
		{5D956ABA-9294-48A9-ADC6-DF30CB41CF61} = {5630FB91-6B2B-4A56-81EB-BBB64F068740}
		{495AF654-A6CA-49E1-8878-A2EA9B77CDBC} = {643ACAEF-C230-4152-9498-6DA2E98665F5}
		{33073C2A-FEC9-41C7-AC31-D83B2F4739A7} = {643ACAEF-C230-4152-9498-6DA2E98665F5}
		{F6ABF9B1-09A6-4756-B852-A7C6D8DFE471} = {643ACAEF-C230-4152-9498-6DA2E98665F5}
		{0D3D9E0D-C443-4DF6-9945-4D545CF55D30} = {76CAD63F-5667-4BC9-B658-854503C6B912}
		{3A88C57B-453D-445D-A5CA-20CD711BFD5A} = {76CAD63F-5667-4BC9-B658-854503C6B912}
		{E7A7C682-9852-4AF9-8125-AC1F76B22AB5} = {76CAD63F-5667-4BC9-B658-854503C6B912}
		{859CE1A7-1A36-404D-BD19-FDDACE4467EA} = {F84F09D0-6119-4217-9000-A3B778E4BC42}
		{30B2C1F1-6914-42C3-8585-CA1DC2CF557F} = {F84F09D0-6119-4217-9000-A3B778E4BC42}
		{5DC06C7D-CAEB-42B6-B750-0E1CE05BB87A} = {F84F09D0-6119-4217-9000-A3B778E4BC42}
		{F9A0DE2C-C407-44C1-B0FF-16DD4EDC2466} = {DAA6ED12-C4A7-4541-A0CE-2724219839BE}
		{2AD394BC-E832-4196-B98F-6A81FE034BDF} = {DAA6ED12-C4A7-4541-A0CE-2724219839BE}
		{EB7624A9-85B6-4040-8318-678926758987} = {DAA6ED12-C4A7-4541-A0CE-2724219839BE}
	EndGlobalSection
	GlobalSection(ExtensibilityGlobals) = postSolution
		SolutionGuid = {E891CB2E-4322-47F5-85AC-EE60AC3C541F}
	EndGlobalSection
EndGlobal
