
Microsoft Visual Studio Solution File, Format Version 12.00
# Visual Studio Version 16
VisualStudioVersion = 16.0.33927.289
MinimumVisualStudioVersion = 10.0.40219.1
Project("{2150E333-8FDC-42A3-9474-1A3956D46DE8}") = "Task0", "Task0", "{911E9859-BB93-4E1A-B6CE-6BE910525188}"
EndProject
Project("{FAE04EC0-301F-11D3-BF4B-00C04F79EFBC}") = "Tyuiu.KosishnevaAN.Sprint1.Task0.V26", "Tyuiu.KosishnevaAN.Sprint1.Task0.V26\Tyuiu.KosishnevaAN.Sprint1.Task0.V26.csproj", "{CDE96B68-6C8B-4B43-8DC8-B401E48AF2C0}"
EndProject
Project("{FAE04EC0-301F-11D3-BF4B-00C04F79EFBC}") = "Tyuiu.KosishnevaAN.Sprint1.Task0.V26.Lib", "Tyuiu.KosishnevaAN.Sprint1.Task0.V26.Lib\Tyuiu.KosishnevaAN.Sprint1.Task0.V26.Lib.csproj", "{90321CCE-015F-48B7-8796-82D03F949B39}"
EndProject
Project("{FAE04EC0-301F-11D3-BF4B-00C04F79EFBC}") = "Tyuiu.KosishnevaAN.Sprint1.Task0.V26.Test", "Tyuiu.KosishnevaAN.Sprint1.Task0.V26.Test\Tyuiu.KosishnevaAN.Sprint1.Task0.V26.Test.csproj", "{C06337E5-D4B3-4F8B-BF15-FABF3B2289DD}"
EndProject
Project("{2150E333-8FDC-42A3-9474-1A3956D46DE8}") = "Task1", "Task1", "{F2A3CE5C-51A9-48A9-9A53-06E7ED39F60B}"
EndProject
Project("{FAE04EC0-301F-11D3-BF4B-00C04F79EFBC}") = "Tyuiu.KosishnevaAN.Sprint1.Task1.V3", "Tyuiu.KosishnevaAN.Sprint1.Task1.V3\Tyuiu.KosishnevaAN.Sprint1.Task1.V3.csproj", "{B4ABD6E6-A4F6-4F78-86E0-795276B132A3}"
EndProject
Project("{FAE04EC0-301F-11D3-BF4B-00C04F79EFBC}") = "Tyuiu.KosishnevaAN.Sprint1.Task1.V3.Lib", "Tyuiu.KosishnevaAN.Sprint1.Task1.V3.Lib\Tyuiu.KosishnevaAN.Sprint1.Task1.V3.Lib.csproj", "{33FC2ABA-A229-4337-AC00-A68CA7A21268}"
EndProject
Project("{FAE04EC0-301F-11D3-BF4B-00C04F79EFBC}") = "Tyuiu.KosishnevaAN.Sprint1.Task1.V3.Test", "Tyuiu.KosishnevaAN.Sprint1.Task1.V3.Test\Tyuiu.KosishnevaAN.Sprint1.Task1.V3.Test.csproj", "{9F9DB190-4BCB-4B49-A585-73A1E92E8E79}"
EndProject
Global
	GlobalSection(SolutionConfigurationPlatforms) = preSolution
		Debug|Any CPU = Debug|Any CPU
		Release|Any CPU = Release|Any CPU
	EndGlobalSection
	GlobalSection(ProjectConfigurationPlatforms) = postSolution
		{CDE96B68-6C8B-4B43-8DC8-B401E48AF2C0}.Debug|Any CPU.ActiveCfg = Debug|Any CPU
		{CDE96B68-6C8B-4B43-8DC8-B401E48AF2C0}.Debug|Any CPU.Build.0 = Debug|Any CPU
		{CDE96B68-6C8B-4B43-8DC8-B401E48AF2C0}.Release|Any CPU.ActiveCfg = Release|Any CPU
		{CDE96B68-6C8B-4B43-8DC8-B401E48AF2C0}.Release|Any CPU.Build.0 = Release|Any CPU
		{90321CCE-015F-48B7-8796-82D03F949B39}.Debug|Any CPU.ActiveCfg = Debug|Any CPU
		{90321CCE-015F-48B7-8796-82D03F949B39}.Debug|Any CPU.Build.0 = Debug|Any CPU
		{90321CCE-015F-48B7-8796-82D03F949B39}.Release|Any CPU.ActiveCfg = Release|Any CPU
		{90321CCE-015F-48B7-8796-82D03F949B39}.Release|Any CPU.Build.0 = Release|Any CPU
		{C06337E5-D4B3-4F8B-BF15-FABF3B2289DD}.Debug|Any CPU.ActiveCfg = Debug|Any CPU
		{C06337E5-D4B3-4F8B-BF15-FABF3B2289DD}.Debug|Any CPU.Build.0 = Debug|Any CPU
		{C06337E5-D4B3-4F8B-BF15-FABF3B2289DD}.Release|Any CPU.ActiveCfg = Release|Any CPU
		{C06337E5-D4B3-4F8B-BF15-FABF3B2289DD}.Release|Any CPU.Build.0 = Release|Any CPU
		{B4ABD6E6-A4F6-4F78-86E0-795276B132A3}.Debug|Any CPU.ActiveCfg = Debug|Any CPU
		{B4ABD6E6-A4F6-4F78-86E0-795276B132A3}.Debug|Any CPU.Build.0 = Debug|Any CPU
		{B4ABD6E6-A4F6-4F78-86E0-795276B132A3}.Release|Any CPU.ActiveCfg = Release|Any CPU
		{B4ABD6E6-A4F6-4F78-86E0-795276B132A3}.Release|Any CPU.Build.0 = Release|Any CPU
		{33FC2ABA-A229-4337-AC00-A68CA7A21268}.Debug|Any CPU.ActiveCfg = Debug|Any CPU
		{33FC2ABA-A229-4337-AC00-A68CA7A21268}.Debug|Any CPU.Build.0 = Debug|Any CPU
		{33FC2ABA-A229-4337-AC00-A68CA7A21268}.Release|Any CPU.ActiveCfg = Release|Any CPU
		{33FC2ABA-A229-4337-AC00-A68CA7A21268}.Release|Any CPU.Build.0 = Release|Any CPU
		{9F9DB190-4BCB-4B49-A585-73A1E92E8E79}.Debug|Any CPU.ActiveCfg = Debug|Any CPU
		{9F9DB190-4BCB-4B49-A585-73A1E92E8E79}.Debug|Any CPU.Build.0 = Debug|Any CPU
		{9F9DB190-4BCB-4B49-A585-73A1E92E8E79}.Release|Any CPU.ActiveCfg = Release|Any CPU
		{9F9DB190-4BCB-4B49-A585-73A1E92E8E79}.Release|Any CPU.Build.0 = Release|Any CPU
	EndGlobalSection
	GlobalSection(SolutionProperties) = preSolution
		HideSolutionNode = FALSE
	EndGlobalSection
	GlobalSection(NestedProjects) = preSolution
		{CDE96B68-6C8B-4B43-8DC8-B401E48AF2C0} = {911E9859-BB93-4E1A-B6CE-6BE910525188}
		{90321CCE-015F-48B7-8796-82D03F949B39} = {911E9859-BB93-4E1A-B6CE-6BE910525188}
		{C06337E5-D4B3-4F8B-BF15-FABF3B2289DD} = {911E9859-BB93-4E1A-B6CE-6BE910525188}
		{B4ABD6E6-A4F6-4F78-86E0-795276B132A3} = {F2A3CE5C-51A9-48A9-9A53-06E7ED39F60B}
		{33FC2ABA-A229-4337-AC00-A68CA7A21268} = {F2A3CE5C-51A9-48A9-9A53-06E7ED39F60B}
		{9F9DB190-4BCB-4B49-A585-73A1E92E8E79} = {F2A3CE5C-51A9-48A9-9A53-06E7ED39F60B}
	EndGlobalSection
	GlobalSection(ExtensibilityGlobals) = postSolution
		SolutionGuid = {E891CB2E-4322-47F5-85AC-EE60AC3C541F}
	EndGlobalSection
EndGlobal
